
Microsoft Visual Studio Solution File, Format Version 12.00
# Visual Studio 15
VisualStudioVersion = 15.0.28307.329
MinimumVisualStudioVersion = 10.0.40219.1
Project("{FAE04EC0-301F-11D3-BF4B-00C04F79EFBC}") = "tChappell_proj02", "tChappell_proj02\tChappell_proj02.csproj", "{B539F10B-B848-4E85-B548-A7D590AF5439}"
EndProject
Global
	GlobalSection(SolutionConfigurationPlatforms) = preSolution
		Debug|Any CPU = Debug|Any CPU
		Release|Any CPU = Release|Any CPU
	EndGlobalSection
	GlobalSection(ProjectConfigurationPlatforms) = postSolution
		{B539F10B-B848-4E85-B548-A7D590AF5439}.Debug|Any CPU.ActiveCfg = Debug|Any CPU
		{B539F10B-B848-4E85-B548-A7D590AF5439}.Debug|Any CPU.Build.0 = Debug|Any CPU
		{B539F10B-B848-4E85-B548-A7D590AF5439}.Release|Any CPU.ActiveCfg = Release|Any CPU
		{B539F10B-B848-4E85-B548-A7D590AF5439}.Release|Any CPU.Build.0 = Release|Any CPU
	EndGlobalSection
	GlobalSection(SolutionProperties) = preSolution
		HideSolutionNode = FALSE
	EndGlobalSection
	GlobalSection(ExtensibilityGlobals) = postSolution
		SolutionGuid = {CCAD7CFB-046B-421C-A49C-1BE87FAD10F6}
	EndGlobalSection
EndGlobal
